
Microsoft Visual Studio Solution File, Format Version 12.00
# Visual Studio 2012
Project("{FAE04EC0-301F-11D3-BF4B-00C04F79EFBC}") = "Heamatite.ImageViewer", "Heamatite.ImageViewer\Heamatite.ImageViewer.csproj", "{304C1A0A-1973-4741-B718-496DA0C4FE6D}"
EndProject
Global
	GlobalSection(SolutionConfigurationPlatforms) = preSolution
		Debug|Any CPU = Debug|Any CPU
		Release|Any CPU = Release|Any CPU
	EndGlobalSection
	GlobalSection(ProjectConfigurationPlatforms) = postSolution
		{304C1A0A-1973-4741-B718-496DA0C4FE6D}.Debug|Any CPU.ActiveCfg = Debug|Any CPU
		{304C1A0A-1973-4741-B718-496DA0C4FE6D}.Debug|Any CPU.Build.0 = Debug|Any CPU
		{304C1A0A-1973-4741-B718-496DA0C4FE6D}.Release|Any CPU.ActiveCfg = Release|Any CPU
		{304C1A0A-1973-4741-B718-496DA0C4FE6D}.Release|Any CPU.Build.0 = Release|Any CPU
	EndGlobalSection
	GlobalSection(SolutionProperties) = preSolution
		HideSolutionNode = FALSE
	EndGlobalSection
EndGlobal
